// !$*UTF8*$!
{
	archiveVersion = 1;
	classes = {
	};
	objectVersion = 46;
	objects = {

/* Begin PBXBuildFile section */
		1E6389F1199C8ECA00853E15 /* Cocoa.framework in Frameworks */ = {isa = PBXBuildFile; fileRef = 1E6389F0199C8ECA00853E15 /* Cocoa.framework */; };
		1E6389FB199C8ECB00853E15 /* InfoPlist.strings in Resources */ = {isa = PBXBuildFile; fileRef = 1E6389F9199C8ECB00853E15 /* InfoPlist.strings */; };
		1E6389FD199C8ECB00853E15 /* main.m in Sources */ = {isa = PBXBuildFile; fileRef = 1E6389FC199C8ECB00853E15 /* main.m */; };
		1E638A01199C8ECB00853E15 /* Credits.rtf in Resources */ = {isa = PBXBuildFile; fileRef = 1E6389FF199C8ECB00853E15 /* Credits.rtf */; };
		1E638A04199C8ECB00853E15 /* APLAppDelegate.m in Sources */ = {isa = PBXBuildFile; fileRef = 1E638A03199C8ECB00853E15 /* APLAppDelegate.m */; };
		1E638A07199C8ECB00853E15 /* MainMenu.xib in Resources */ = {isa = PBXBuildFile; fileRef = 1E638A05199C8ECB00853E15 /* MainMenu.xib */; };
		1E638A09199C8ECB00853E15 /* Images.xcassets in Resources */ = {isa = PBXBuildFile; fileRef = 1E638A08199C8ECB00853E15 /* Images.xcassets */; };
		1E638A10199C8ECB00853E15 /* XCTest.framework in Frameworks */ = {isa = PBXBuildFile; fileRef = 1E638A0F199C8ECB00853E15 /* XCTest.framework */; };
		1E638A11199C8ECB00853E15 /* Cocoa.framework in Frameworks */ = {isa = PBXBuildFile; fileRef = 1E6389F0199C8ECA00853E15 /* Cocoa.framework */; };
		1E638A19199C8ECB00853E15 /* InfoPlist.strings in Resources */ = {isa = PBXBuildFile; fileRef = 1E638A17199C8ECB00853E15 /* InfoPlist.strings */; };
		1E638A1B199C8ECB00853E15 /* SafariSecretsTests.m in Sources */ = {isa = PBXBuildFile; fileRef = 1E638A1A199C8ECB00853E15 /* SafariSecretsTests.m */; };
		1E968E8819A49CF1001A8D0F /* Access.scpt in Resources */ = {isa = PBXBuildFile; fileRef = 1E968E8719A49CF1001A8D0F /* Access.scpt */; };
		9249CE6019A26D840010ACE5 /* JCAppleScript.m in Sources */ = {isa = PBXBuildFile; fileRef = 9249CE5E19A26D840010ACE5 /* JCAppleScript.m */; };
		9249CE6119A26D840010ACE5 /* JCAppleScript.podspec in Resources */ = {isa = PBXBuildFile; fileRef = 9249CE5F19A26D840010ACE5 /* JCAppleScript.podspec */; };
		9249CE6519A282F70010ACE5 /* safari_Reset.scpt in Resources */ = {isa = PBXBuildFile; fileRef = 9249CE6419A282F70010ACE5 /* safari_Reset.scpt */; };
		9249CE6919A28AB40010ACE5 /* ApplicationServices.framework in Frameworks */ = {isa = PBXBuildFile; fileRef = 9249CE6819A28AB40010ACE5 /* ApplicationServices.framework */; };
/* End PBXBuildFile section */

/* Begin PBXContainerItemProxy section */
		1E638A12199C8ECB00853E15 /* PBXContainerItemProxy */ = {
			isa = PBXContainerItemProxy;
			containerPortal = 1E6389E5199C8ECA00853E15 /* Project object */;
			proxyType = 1;
			remoteGlobalIDString = 1E6389EC199C8ECA00853E15;
			remoteInfo = SafariSecrets;
		};
/* End PBXContainerItemProxy section */

/* Begin PBXFileReference section */
		1E6389ED199C8ECA00853E15 /* SafariSecrets.app */ = {isa = PBXFileReference; explicitFileType = wrapper.application; includeInIndex = 0; path = SafariSecrets.app; sourceTree = BUILT_PRODUCTS_DIR; };
		1E6389F0199C8ECA00853E15 /* Cocoa.framework */ = {isa = PBXFileReference; lastKnownFileType = wrapper.framework; name = Cocoa.framework; path = System/Library/Frameworks/Cocoa.framework; sourceTree = SDKROOT; };
		1E6389F3199C8ECA00853E15 /* AppKit.framework */ = {isa = PBXFileReference; lastKnownFileType = wrapper.framework; name = AppKit.framework; path = System/Library/Frameworks/AppKit.framework; sourceTree = SDKROOT; };
		1E6389F4199C8ECA00853E15 /* CoreData.framework */ = {isa = PBXFileReference; lastKnownFileType = wrapper.framework; name = CoreData.framework; path = System/Library/Frameworks/CoreData.framework; sourceTree = SDKROOT; };
		1E6389F5199C8ECA00853E15 /* Foundation.framework */ = {isa = PBXFileReference; lastKnownFileType = wrapper.framework; name = Foundation.framework; path = System/Library/Frameworks/Foundation.framework; sourceTree = SDKROOT; };
		1E6389F8199C8ECB00853E15 /* SafariSecrets-Info.plist */ = {isa = PBXFileReference; lastKnownFileType = text.plist.xml; path = "SafariSecrets-Info.plist"; sourceTree = "<group>"; };
		1E6389FA199C8ECB00853E15 /* en */ = {isa = PBXFileReference; lastKnownFileType = text.plist.strings; name = en; path = en.lproj/InfoPlist.strings; sourceTree = "<group>"; };
		1E6389FC199C8ECB00853E15 /* main.m */ = {isa = PBXFileReference; lastKnownFileType = sourcecode.c.objc; path = main.m; sourceTree = "<group>"; };
		1E6389FE199C8ECB00853E15 /* SafariSecrets-Prefix.pch */ = {isa = PBXFileReference; lastKnownFileType = sourcecode.c.h; path = "SafariSecrets-Prefix.pch"; sourceTree = "<group>"; };
		1E638A00199C8ECB00853E15 /* en */ = {isa = PBXFileReference; lastKnownFileType = text.rtf; name = en; path = en.lproj/Credits.rtf; sourceTree = "<group>"; };
		1E638A02199C8ECB00853E15 /* APLAppDelegate.h */ = {isa = PBXFileReference; lastKnownFileType = sourcecode.c.h; path = APLAppDelegate.h; sourceTree = "<group>"; };
		1E638A03199C8ECB00853E15 /* APLAppDelegate.m */ = {isa = PBXFileReference; lastKnownFileType = sourcecode.c.objc; path = APLAppDelegate.m; sourceTree = "<group>"; };
		1E638A08199C8ECB00853E15 /* Images.xcassets */ = {isa = PBXFileReference; lastKnownFileType = folder.assetcatalog; path = Images.xcassets; sourceTree = "<group>"; };
		1E638A0E199C8ECB00853E15 /* SafariSecretsTests.xctest */ = {isa = PBXFileReference; explicitFileType = wrapper.cfbundle; includeInIndex = 0; path = SafariSecretsTests.xctest; sourceTree = BUILT_PRODUCTS_DIR; };
		1E638A0F199C8ECB00853E15 /* XCTest.framework */ = {isa = PBXFileReference; lastKnownFileType = wrapper.framework; name = XCTest.framework; path = Library/Frameworks/XCTest.framework; sourceTree = DEVELOPER_DIR; };
		1E638A16199C8ECB00853E15 /* SafariSecretsTests-Info.plist */ = {isa = PBXFileReference; lastKnownFileType = text.plist.xml; path = "SafariSecretsTests-Info.plist"; sourceTree = "<group>"; };
		1E638A18199C8ECB00853E15 /* en */ = {isa = PBXFileReference; lastKnownFileType = text.plist.strings; name = en; path = en.lproj/InfoPlist.strings; sourceTree = "<group>"; };
		1E638A1A199C8ECB00853E15 /* SafariSecretsTests.m */ = {isa = PBXFileReference; lastKnownFileType = sourcecode.c.objc; path = SafariSecretsTests.m; sourceTree = "<group>"; };
		1E968E8619A48D69001A8D0F /* en */ = {isa = PBXFileReference; lastKnownFileType = file.xib; name = en; path = en.lproj/MainMenu.xib; sourceTree = "<group>"; };
		1E968E8719A49CF1001A8D0F /* Access.scpt */ = {isa = PBXFileReference; lastKnownFileType = file; name = Access.scpt; path = tools/Access.scpt; sourceTree = "<group>"; };
		9249CE5D19A26D840010ACE5 /* JCAppleScript.h */ = {isa = PBXFileReference; fileEncoding = 4; lastKnownFileType = sourcecode.c.h; path = JCAppleScript.h; sourceTree = "<group>"; };
		9249CE5E19A26D840010ACE5 /* JCAppleScript.m */ = {isa = PBXFileReference; fileEncoding = 4; lastKnownFileType = sourcecode.c.objc; path = JCAppleScript.m; sourceTree = "<group>"; };
		9249CE5F19A26D840010ACE5 /* JCAppleScript.podspec */ = {isa = PBXFileReference; fileEncoding = 4; lastKnownFileType = text; path = JCAppleScript.podspec; sourceTree = "<group>"; };
		9249CE6419A282F70010ACE5 /* safari_Reset.scpt */ = {isa = PBXFileReference; lastKnownFileType = file; name = safari_Reset.scpt; path = tools/safari_Reset.scpt; sourceTree = "<group>"; };
		9249CE6819A28AB40010ACE5 /* ApplicationServices.framework */ = {isa = PBXFileReference; lastKnownFileType = wrapper.framework; name = ApplicationServices.framework; path = System/Library/Frameworks/ApplicationServices.framework; sourceTree = SDKROOT; };
/* End PBXFileReference section */

/* Begin PBXFrameworksBuildPhase section */
		1E6389EA199C8ECA00853E15 /* Frameworks */ = {
			isa = PBXFrameworksBuildPhase;
			buildActionMask = 2147483647;
			files = (
				9249CE6919A28AB40010ACE5 /* ApplicationServices.framework in Frameworks */,
				1E6389F1199C8ECA00853E15 /* Cocoa.framework in Frameworks */,
			);
			runOnlyForDeploymentPostprocessing = 0;
		};
		1E638A0B199C8ECB00853E15 /* Frameworks */ = {
			isa = PBXFrameworksBuildPhase;
			buildActionMask = 2147483647;
			files = (
				1E638A11199C8ECB00853E15 /* Cocoa.framework in Frameworks */,
				1E638A10199C8ECB00853E15 /* XCTest.framework in Frameworks */,
			);
			runOnlyForDeploymentPostprocessing = 0;
		};
/* End PBXFrameworksBuildPhase section */

/* Begin PBXGroup section */
		1E6389E4199C8ECA00853E15 = {
			isa = PBXGroup;
			children = (
				1E968E8719A49CF1001A8D0F /* Access.scpt */,
				9249CE6419A282F70010ACE5 /* safari_Reset.scpt */,
				9249CE5D19A26D840010ACE5 /* JCAppleScript.h */,
				9249CE5E19A26D840010ACE5 /* JCAppleScript.m */,
				9249CE5F19A26D840010ACE5 /* JCAppleScript.podspec */,
				1E6389F6199C8ECA00853E15 /* SafariSecrets */,
				1E638A14199C8ECB00853E15 /* SafariSecretsTests */,
				1E6389EF199C8ECA00853E15 /* Frameworks */,
				1E6389EE199C8ECA00853E15 /* Products */,
			);
			sourceTree = "<group>";
		};
		1E6389EE199C8ECA00853E15 /* Products */ = {
			isa = PBXGroup;
			children = (
				1E6389ED199C8ECA00853E15 /* SafariSecrets.app */,
				1E638A0E199C8ECB00853E15 /* SafariSecretsTests.xctest */,
			);
			name = Products;
			sourceTree = "<group>";
		};
		1E6389EF199C8ECA00853E15 /* Frameworks */ = {
			isa = PBXGroup;
			children = (
				9249CE6819A28AB40010ACE5 /* ApplicationServices.framework */,
				1E6389F0199C8ECA00853E15 /* Cocoa.framework */,
				1E638A0F199C8ECB00853E15 /* XCTest.framework */,
				1E6389F2199C8ECA00853E15 /* Other Frameworks */,
			);
			name = Frameworks;
			sourceTree = "<group>";
		};
		1E6389F2199C8ECA00853E15 /* Other Frameworks */ = {
			isa = PBXGroup;
			children = (
				1E6389F3199C8ECA00853E15 /* AppKit.framework */,
				1E6389F4199C8ECA00853E15 /* CoreData.framework */,
				1E6389F5199C8ECA00853E15 /* Foundation.framework */,
			);
			name = "Other Frameworks";
			sourceTree = "<group>";
		};
		1E6389F6199C8ECA00853E15 /* SafariSecrets */ = {
			isa = PBXGroup;
			children = (
				1E638A02199C8ECB00853E15 /* APLAppDelegate.h */,
				1E638A03199C8ECB00853E15 /* APLAppDelegate.m */,
				1E638A05199C8ECB00853E15 /* MainMenu.xib */,
				1E638A08199C8ECB00853E15 /* Images.xcassets */,
				1E6389F7199C8ECB00853E15 /* Supporting Files */,
			);
			path = SafariSecrets;
			sourceTree = "<group>";
		};
		1E6389F7199C8ECB00853E15 /* Supporting Files */ = {
			isa = PBXGroup;
			children = (
				1E6389F8199C8ECB00853E15 /* SafariSecrets-Info.plist */,
				1E6389F9199C8ECB00853E15 /* InfoPlist.strings */,
				1E6389FC199C8ECB00853E15 /* main.m */,
				1E6389FE199C8ECB00853E15 /* SafariSecrets-Prefix.pch */,
				1E6389FF199C8ECB00853E15 /* Credits.rtf */,
			);
			name = "Supporting Files";
			sourceTree = "<group>";
		};
		1E638A14199C8ECB00853E15 /* SafariSecretsTests */ = {
			isa = PBXGroup;
			children = (
				1E638A1A199C8ECB00853E15 /* SafariSecretsTests.m */,
				1E638A15199C8ECB00853E15 /* Supporting Files */,
			);
			path = SafariSecretsTests;
			sourceTree = "<group>";
		};
		1E638A15199C8ECB00853E15 /* Supporting Files */ = {
			isa = PBXGroup;
			children = (
				1E638A16199C8ECB00853E15 /* SafariSecretsTests-Info.plist */,
				1E638A17199C8ECB00853E15 /* InfoPlist.strings */,
			);
			name = "Supporting Files";
			sourceTree = "<group>";
		};
/* End PBXGroup section */

/* Begin PBXNativeTarget section */
		1E6389EC199C8ECA00853E15 /* SafariSecrets */ = {
			isa = PBXNativeTarget;
			buildConfigurationList = 1E638A1E199C8ECB00853E15 /* Build configuration list for PBXNativeTarget "SafariSecrets" */;
			buildPhases = (
				1E6389E9199C8ECA00853E15 /* Sources */,
				1E6389EA199C8ECA00853E15 /* Frameworks */,
				1E6389EB199C8ECA00853E15 /* Resources */,
			);
			buildRules = (
			);
			dependencies = (
			);
			name = SafariSecrets;
			productName = SafariSecrets;
			productReference = 1E6389ED199C8ECA00853E15 /* SafariSecrets.app */;
			productType = "com.apple.product-type.application";
		};
		1E638A0D199C8ECB00853E15 /* SafariSecretsTests */ = {
			isa = PBXNativeTarget;
			buildConfigurationList = 1E638A21199C8ECB00853E15 /* Build configuration list for PBXNativeTarget "SafariSecretsTests" */;
			buildPhases = (
				1E638A0A199C8ECB00853E15 /* Sources */,
				1E638A0B199C8ECB00853E15 /* Frameworks */,
				1E638A0C199C8ECB00853E15 /* Resources */,
			);
			buildRules = (
			);
			dependencies = (
				1E638A13199C8ECB00853E15 /* PBXTargetDependency */,
			);
			name = SafariSecretsTests;
			productName = SafariSecretsTests;
			productReference = 1E638A0E199C8ECB00853E15 /* SafariSecretsTests.xctest */;
			productType = "com.apple.product-type.bundle.unit-test";
		};
/* End PBXNativeTarget section */

/* Begin PBXProject section */
		1E6389E5199C8ECA00853E15 /* Project object */ = {
			isa = PBXProject;
			attributes = {
				CLASSPREFIX = APL;
				LastUpgradeCheck = 0510;
				ORGANIZATIONNAME = Excelsoft;
				TargetAttributes = {
					1E638A0D199C8ECB00853E15 = {
						TestTargetID = 1E6389EC199C8ECA00853E15;
					};
				};
			};
			buildConfigurationList = 1E6389E8199C8ECA00853E15 /* Build configuration list for PBXProject "SafariSecrets" */;
			compatibilityVersion = "Xcode 3.2";
			developmentRegion = English;
			hasScannedForEncodings = 0;
			knownRegions = (
				en,
				Base,
			);
			mainGroup = 1E6389E4199C8ECA00853E15;
			productRefGroup = 1E6389EE199C8ECA00853E15 /* Products */;
			projectDirPath = "";
			projectRoot = "";
			targets = (
				1E6389EC199C8ECA00853E15 /* SafariSecrets */,
				1E638A0D199C8ECB00853E15 /* SafariSecretsTests */,
			);
		};
/* End PBXProject section */

/* Begin PBXResourcesBuildPhase section */
		1E6389EB199C8ECA00853E15 /* Resources */ = {
			isa = PBXResourcesBuildPhase;
			buildActionMask = 2147483647;
			files = (
				1E6389FB199C8ECB00853E15 /* InfoPlist.strings in Resources */,
				9249CE6519A282F70010ACE5 /* safari_Reset.scpt in Resources */,
				1E968E8819A49CF1001A8D0F /* Access.scpt in Resources */,
				9249CE6119A26D840010ACE5 /* JCAppleScript.podspec in Resources */,
				1E638A09199C8ECB00853E15 /* Images.xcassets in Resources */,
				1E638A01199C8ECB00853E15 /* Credits.rtf in Resources */,
				1E638A07199C8ECB00853E15 /* MainMenu.xib in Resources */,
			);
			runOnlyForDeploymentPostprocessing = 0;
		};
		1E638A0C199C8ECB00853E15 /* Resources */ = {
			isa = PBXResourcesBuildPhase;
			buildActionMask = 2147483647;
			files = (
				1E638A19199C8ECB00853E15 /* InfoPlist.strings in Resources */,
			);
			runOnlyForDeploymentPostprocessing = 0;
		};
/* End PBXResourcesBuildPhase section */

/* Begin PBXSourcesBuildPhase section */
		1E6389E9199C8ECA00853E15 /* Sources */ = {
			isa = PBXSourcesBuildPhase;
			buildActionMask = 2147483647;
			files = (
				1E638A04199C8ECB00853E15 /* APLAppDelegate.m in Sources */,
				1E6389FD199C8ECB00853E15 /* main.m in Sources */,
				9249CE6019A26D840010ACE5 /* JCAppleScript.m in Sources */,
			);
			runOnlyForDeploymentPostprocessing = 0;
		};
		1E638A0A199C8ECB00853E15 /* Sources */ = {
			isa = PBXSourcesBuildPhase;
			buildActionMask = 2147483647;
			files = (
				1E638A1B199C8ECB00853E15 /* SafariSecretsTests.m in Sources */,
			);
			runOnlyForDeploymentPostprocessing = 0;
		};
/* End PBXSourcesBuildPhase section */

/* Begin PBXTargetDependency section */
		1E638A13199C8ECB00853E15 /* PBXTargetDependency */ = {
			isa = PBXTargetDependency;
			target = 1E6389EC199C8ECA00853E15 /* SafariSecrets */;
			targetProxy = 1E638A12199C8ECB00853E15 /* PBXContainerItemProxy */;
		};
/* End PBXTargetDependency section */

/* Begin PBXVariantGroup section */
		1E6389F9199C8ECB00853E15 /* InfoPlist.strings */ = {
			isa = PBXVariantGroup;
			children = (
				1E6389FA199C8ECB00853E15 /* en */,
			);
			name = InfoPlist.strings;
			sourceTree = "<group>";
		};
		1E6389FF199C8ECB00853E15 /* Credits.rtf */ = {
			isa = PBXVariantGroup;
			children = (
				1E638A00199C8ECB00853E15 /* en */,
			);
			name = Credits.rtf;
			sourceTree = "<group>";
		};
		1E638A05199C8ECB00853E15 /* MainMenu.xib */ = {
			isa = PBXVariantGroup;
			children = (
				1E968E8619A48D69001A8D0F /* en */,
			);
			name = MainMenu.xib;
			sourceTree = "<group>";
		};
		1E638A17199C8ECB00853E15 /* InfoPlist.strings */ = {
			isa = PBXVariantGroup;
			children = (
				1E638A18199C8ECB00853E15 /* en */,
			);
			name = InfoPlist.strings;
			sourceTree = "<group>";
		};
/* End PBXVariantGroup section */

/* Begin XCBuildConfiguration section */
		1E638A1C199C8ECB00853E15 /* Debug */ = {
			isa = XCBuildConfiguration;
			buildSettings = {
				ALWAYS_SEARCH_USER_PATHS = NO;
				CLANG_CXX_LANGUAGE_STANDARD = "gnu++0x";
				CLANG_CXX_LIBRARY = "libc++";
				CLANG_ENABLE_MODULES = YES;
				CLANG_ENABLE_OBJC_ARC = YES;
				CLANG_WARN_BOOL_CONVERSION = YES;
				CLANG_WARN_CONSTANT_CONVERSION = YES;
				CLANG_WARN_DIRECT_OBJC_ISA_USAGE = YES_ERROR;
				CLANG_WARN_EMPTY_BODY = YES;
				CLANG_WARN_ENUM_CONVERSION = YES;
				CLANG_WARN_INT_CONVERSION = YES;
				CLANG_WARN_OBJC_ROOT_CLASS = YES_ERROR;
				CLANG_WARN__DUPLICATE_METHOD_MATCH = YES;
				COPY_PHASE_STRIP = NO;
				GCC_C_LANGUAGE_STANDARD = gnu99;
				GCC_DYNAMIC_NO_PIC = NO;
				GCC_ENABLE_OBJC_EXCEPTIONS = YES;
				GCC_OPTIMIZATION_LEVEL = 0;
				GCC_PREPROCESSOR_DEFINITIONS = (
					"DEBUG=1",
					"$(inherited)",
				);
				GCC_SYMBOLS_PRIVATE_EXTERN = NO;
				GCC_WARN_64_TO_32_BIT_CONVERSION = YES;
				GCC_WARN_ABOUT_RETURN_TYPE = YES_ERROR;
				GCC_WARN_UNDECLARED_SELECTOR = YES;
				GCC_WARN_UNINITIALIZED_AUTOS = YES_AGGRESSIVE;
				GCC_WARN_UNUSED_FUNCTION = YES;
				GCC_WARN_UNUSED_VARIABLE = YES;
				MACOSX_DEPLOYMENT_TARGET = 10.9;
				ONLY_ACTIVE_ARCH = YES;
				SDKROOT = macosx;
			};
			name = Debug;
		};
		1E638A1D199C8ECB00853E15 /* Release */ = {
			isa = XCBuildConfiguration;
			buildSettings = {
				ALWAYS_SEARCH_USER_PATHS = NO;
				CLANG_CXX_LANGUAGE_STANDARD = "gnu++0x";
				CLANG_CXX_LIBRARY = "libc++";
				CLANG_ENABLE_MODULES = YES;
				CLANG_ENABLE_OBJC_ARC = YES;
				CLANG_WARN_BOOL_CONVERSION = YES;
				CLANG_WARN_CONSTANT_CONVERSION = YES;
				CLANG_WARN_DIRECT_OBJC_ISA_USAGE = YES_ERROR;
				CLANG_WARN_EMPTY_BODY = YES;
				CLANG_WARN_ENUM_CONVERSION = YES;
				CLANG_WARN_INT_CONVERSION = YES;
				CLANG_WARN_OBJC_ROOT_CLASS = YES_ERROR;
				CLANG_WARN__DUPLICATE_METHOD_MATCH = YES;
				COPY_PHASE_STRIP = YES;
				DEBUG_INFORMATION_FORMAT = "dwarf-with-dsym";
				ENABLE_NS_ASSERTIONS = NO;
				GCC_C_LANGUAGE_STANDARD = gnu99;
				GCC_ENABLE_OBJC_EXCEPTIONS = YES;
				GCC_WARN_64_TO_32_BIT_CONVERSION = YES;
				GCC_WARN_ABOUT_RETURN_TYPE = YES_ERROR;
				GCC_WARN_UNDECLARED_SELECTOR = YES;
				GCC_WARN_UNINITIALIZED_AUTOS = YES_AGGRESSIVE;
				GCC_WARN_UNUSED_FUNCTION = YES;
				GCC_WARN_UNUSED_VARIABLE = YES;
				MACOSX_DEPLOYMENT_TARGET = 10.9;
				SDKROOT = macosx;
			};
			name = Release;
		};
		1E638A1F199C8ECB00853E15 /* Debug */ = {
			isa = XCBuildConfiguration;
			buildSettings = {
				ASSETCATALOG_COMPILER_APPICON_NAME = AppIcon;
				COMBINE_HIDPI_IMAGES = YES;
				GCC_PRECOMPILE_PREFIX_HEADER = YES;
				GCC_PREFIX_HEADER = "SafariSecrets/SafariSecrets-Prefix.pch";
				INFOPLIST_FILE = "SafariSecrets/SafariSecrets-Info.plist";
				MACOSX_DEPLOYMENT_TARGET = 10.6;
				PRODUCT_NAME = "$(TARGET_NAME)";
				WRAPPER_EXTENSION = app;
			};
			name = Debug;
		};
		1E638A20199C8ECB00853E15 /* Release */ = {
			isa = XCBuildConfiguration;
			buildSettings = {
				ASSETCATALOG_COMPILER_APPICON_NAME = AppIcon;
				COMBINE_HIDPI_IMAGES = YES;
				GCC_PRECOMPILE_PREFIX_HEADER = YES;
				GCC_PREFIX_HEADER = "SafariSecrets/SafariSecrets-Prefix.pch";
				INFOPLIST_FILE = "SafariSecrets/SafariSecrets-Info.plist";
				MACOSX_DEPLOYMENT_TARGET = 10.6;
				PRODUCT_NAME = "$(TARGET_NAME)";
				WRAPPER_EXTENSION = app;
			};
			name = Release;
		};
		1E638A22199C8ECB00853E15 /* Debug */ = {
			isa = XCBuildConfiguration;
			buildSettings = {
				BUNDLE_LOADER = "$(BUILT_PRODUCTS_DIR)/SafariSecrets.app/Contents/MacOS/SafariSecrets";
				COMBINE_HIDPI_IMAGES = YES;
				FRAMEWORK_SEARCH_PATHS = (
					"$(DEVELOPER_FRAMEWORKS_DIR)",
					"$(inherited)",
				);
				GCC_PRECOMPILE_PREFIX_HEADER = YES;
				GCC_PREFIX_HEADER = "SafariSecrets/SafariSecrets-Prefix.pch";
				GCC_PREPROCESSOR_DEFINITIONS = (
					"DEBUG=1",
					"$(inherited)",
				);
				INFOPLIST_FILE = "SafariSecretsTests/SafariSecretsTests-Info.plist";
				PRODUCT_NAME = "$(TARGET_NAME)";
				TEST_HOST = "$(BUNDLE_LOADER)";
				WRAPPER_EXTENSION = xctest;
			};
			name = Debug;
		};
		1E638A23199C8ECB00853E15 /* Release */ = {
			isa = XCBuildConfiguration;
			buildSettings = {
				BUNDLE_LOADER = "$(BUILT_PRODUCTS_DIR)/SafariSecrets.app/Contents/MacOS/SafariSecrets";
				COMBINE_HIDPI_IMAGES = YES;
				FRAMEWORK_SEARCH_PATHS = (
					"$(DEVELOPER_FRAMEWORKS_DIR)",
					"$(inherited)",
				);
				GCC_PRECOMPILE_PREFIX_HEADER = YES;
				GCC_PREFIX_HEADER = "SafariSecrets/SafariSecrets-Prefix.pch";
				INFOPLIST_FILE = "SafariSecretsTests/SafariSecretsTests-Info.plist";
				PRODUCT_NAME = "$(TARGET_NAME)";
				TEST_HOST = "$(BUNDLE_LOADER)";
				WRAPPER_EXTENSION = xctest;
			};
			name = Release;
		};
/* End XCBuildConfiguration section */

/* Begin XCConfigurationList section */
		1E6389E8199C8ECA00853E15 /* Build configuration list for PBXProject "SafariSecrets" */ = {
			isa = XCConfigurationList;
			buildConfigurations = (
				1E638A1C199C8ECB00853E15 /* Debug */,
				1E638A1D199C8ECB00853E15 /* Release */,
			);
			defaultConfigurationIsVisible = 0;
			defaultConfigurationName = Release;
		};
		1E638A1E199C8ECB00853E15 /* Build configuration list for PBXNativeTarget "SafariSecrets" */ = {
			isa = XCConfigurationList;
			buildConfigurations = (
				1E638A1F199C8ECB00853E15 /* Debug */,
				1E638A20199C8ECB00853E15 /* Release */,
			);
			defaultConfigurationIsVisible = 0;
			defaultConfigurationName = Release;
		};
		1E638A21199C8ECB00853E15 /* Build configuration list for PBXNativeTarget "SafariSecretsTests" */ = {
			isa = XCConfigurationList;
			buildConfigurations = (
				1E638A22199C8ECB00853E15 /* Debug */,
				1E638A23199C8ECB00853E15 /* Release */,
			);
			defaultConfigurationIsVisible = 0;
			defaultConfigurationName = Release;
		};
/* End XCConfigurationList section */
	};
	rootObject = 1E6389E5199C8ECA00853E15 /* Project object */;
}
